
Microsoft Visual Studio Solution File, Format Version 12.00
# Visual Studio Version 17
VisualStudioVersion = 17.10.34928.147
MinimumVisualStudioVersion = 10.0.40219.1
Project("{FAE04EC0-301F-11D3-BF4B-00C04F79EFBC}") = "AfarineshTask", "AfarineshTask\AfarineshTask.csproj", "{257EAB58-E4CB-430B-9B43-E07A9EEE63FC}"
EndProject
Global
	GlobalSection(SolutionConfigurationPlatforms) = preSolution
		Debug|Any CPU = Debug|Any CPU
		Release|Any CPU = Release|Any CPU
	EndGlobalSection
	GlobalSection(ProjectConfigurationPlatforms) = postSolution
		{257EAB58-E4CB-430B-9B43-E07A9EEE63FC}.Debug|Any CPU.ActiveCfg = Debug|Any CPU
		{257EAB58-E4CB-430B-9B43-E07A9EEE63FC}.Debug|Any CPU.Build.0 = Debug|Any CPU
		{257EAB58-E4CB-430B-9B43-E07A9EEE63FC}.Release|Any CPU.ActiveCfg = Release|Any CPU
		{257EAB58-E4CB-430B-9B43-E07A9EEE63FC}.Release|Any CPU.Build.0 = Release|Any CPU
	EndGlobalSection
	GlobalSection(SolutionProperties) = preSolution
		HideSolutionNode = FALSE
	EndGlobalSection
	GlobalSection(ExtensibilityGlobals) = postSolution
		SolutionGuid = {5B1B274F-B30A-470D-A535-3804AA878309}
	EndGlobalSection
EndGlobal
